
Microsoft Visual Studio Solution File, Format Version 12.00
# Visual Studio 15
VisualStudioVersion = 15.0.27130.2026
MinimumVisualStudioVersion = 10.0.40219.1
Project("{FAE04EC0-301F-11D3-BF4B-00C04F79EFBC}") = "OpenRealEstate.Testing", "src\OpenRealEstate.Testing\OpenRealEstate.Testing.csproj", "{4ACD5A7A-F1D7-470A-A789-A339E75DE69D}"
EndProject
Global
	GlobalSection(SolutionConfigurationPlatforms) = preSolution
		Debug|Any CPU = Debug|Any CPU
		Release|Any CPU = Release|Any CPU
	EndGlobalSection
	GlobalSection(ProjectConfigurationPlatforms) = postSolution
		{4ACD5A7A-F1D7-470A-A789-A339E75DE69D}.Debug|Any CPU.ActiveCfg = Debug|Any CPU
		{4ACD5A7A-F1D7-470A-A789-A339E75DE69D}.Debug|Any CPU.Build.0 = Debug|Any CPU
		{4ACD5A7A-F1D7-470A-A789-A339E75DE69D}.Release|Any CPU.ActiveCfg = Release|Any CPU
		{4ACD5A7A-F1D7-470A-A789-A339E75DE69D}.Release|Any CPU.Build.0 = Release|Any CPU
	EndGlobalSection
	GlobalSection(SolutionProperties) = preSolution
		HideSolutionNode = FALSE
	EndGlobalSection
	GlobalSection(ExtensibilityGlobals) = postSolution
		SolutionGuid = {B30229E5-D4BA-45BD-B83C-C9BA3E60E5CB}
	EndGlobalSection
EndGlobal
